
Microsoft Visual Studio Solution File, Format Version 12.00
# Visual Studio Version 17
VisualStudioVersion = 17.5.33516.290
MinimumVisualStudioVersion = 10.0.40219.1
Project("{FAE04EC0-301F-11D3-BF4B-00C04F79EFBC}") = "Raycaster", "Raycaster\Raycaster.csproj", "{1687FAF1-5DE0-493E-BB99-8B56E2DE6A17}"
EndProject
Global
	GlobalSection(SolutionConfigurationPlatforms) = preSolution
		Debug|Any CPU = Debug|Any CPU
		Release|Any CPU = Release|Any CPU
	EndGlobalSection
	GlobalSection(ProjectConfigurationPlatforms) = postSolution
		{1687FAF1-5DE0-493E-BB99-8B56E2DE6A17}.Debug|Any CPU.ActiveCfg = Debug|Any CPU
		{1687FAF1-5DE0-493E-BB99-8B56E2DE6A17}.Debug|Any CPU.Build.0 = Debug|Any CPU
		{1687FAF1-5DE0-493E-BB99-8B56E2DE6A17}.Release|Any CPU.ActiveCfg = Release|Any CPU
		{1687FAF1-5DE0-493E-BB99-8B56E2DE6A17}.Release|Any CPU.Build.0 = Release|Any CPU
	EndGlobalSection
	GlobalSection(SolutionProperties) = preSolution
		HideSolutionNode = FALSE
	EndGlobalSection
	GlobalSection(ExtensibilityGlobals) = postSolution
		SolutionGuid = {50E1C7F9-BCE4-4C52-95D5-20337BF22ED5}
	EndGlobalSection
EndGlobal
